{
  "name": "tool.csv-to-json",
  "version": "1.0.0",
  "lockfileVersion": 1,
  "requires": true,
  "dependencies": {
    "convert-csv-to-json": {
      "version": "1.4.0",
      "resolved": "https://registry.npmjs.org/convert-csv-to-json/-/convert-csv-to-json-1.4.0.tgz",
      "integrity": "sha512-oIW5geW3MzNaVj8959m4Zgr2QMcnF7/ap+oIiHu47mtv8Fz1jaV643eEpZSzvTY9hfc508HRXUtEHKp1nw01Vg=="
    }
  }
}
